
Microsoft Visual Studio Solution File, Format Version 12.00
# Visual Studio 15
Project("{FAE04EC0-301F-11D3-BF4B-00C04F79EFBC}") = "UGTVForms.Android", "UGTVForms.Android\UGTVForms.Android.csproj", "{95F2E08F-279E-4D19-B32B-1429980535C4}"
EndProject
Project("{FAE04EC0-301F-11D3-BF4B-00C04F79EFBC}") = "UGTVForms.iOS", "UGTVForms.iOS\UGTVForms.iOS.csproj", "{7118385F-171C-4189-9E62-46CFE6697753}"
EndProject
Project("{FAE04EC0-301F-11D3-BF4B-00C04F79EFBC}") = "UGTVForms", "UGTVForms\UGTVForms.csproj", "{9FBC798E-D7D5-4C7A-B761-7EE53D3809AA}"
EndProject
Project("{FAE04EC0-301F-11D3-BF4B-00C04F79EFBC}") = "UGTVForms.Tests", "UGTVForms.Tests\UGTVForms.Tests.csproj", "{6513D835-CD10-4B4E-9193-C0FCC352DC84}"
EndProject
Global
	GlobalSection(SolutionConfigurationPlatforms) = preSolution
		Debug|Any CPU = Debug|Any CPU
		Release|Any CPU = Release|Any CPU
		Debug|iPhoneSimulator = Debug|iPhoneSimulator
		Release|iPhoneSimulator = Release|iPhoneSimulator
		Debug|iPhone = Debug|iPhone
		Release|iPhone = Release|iPhone
	EndGlobalSection
	GlobalSection(ProjectConfigurationPlatforms) = postSolution
		{95F2E08F-279E-4D19-B32B-1429980535C4}.Debug|Any CPU.ActiveCfg = Debug|Any CPU
		{95F2E08F-279E-4D19-B32B-1429980535C4}.Debug|Any CPU.Build.0 = Debug|Any CPU
		{95F2E08F-279E-4D19-B32B-1429980535C4}.Release|Any CPU.ActiveCfg = Release|Any CPU
		{95F2E08F-279E-4D19-B32B-1429980535C4}.Release|Any CPU.Build.0 = Release|Any CPU
		{95F2E08F-279E-4D19-B32B-1429980535C4}.Debug|iPhoneSimulator.ActiveCfg = Debug|Any CPU
		{95F2E08F-279E-4D19-B32B-1429980535C4}.Debug|iPhoneSimulator.Build.0 = Debug|Any CPU
		{95F2E08F-279E-4D19-B32B-1429980535C4}.Release|iPhoneSimulator.ActiveCfg = Release|Any CPU
		{95F2E08F-279E-4D19-B32B-1429980535C4}.Release|iPhoneSimulator.Build.0 = Release|Any CPU
		{95F2E08F-279E-4D19-B32B-1429980535C4}.Debug|iPhone.ActiveCfg = Debug|Any CPU
		{95F2E08F-279E-4D19-B32B-1429980535C4}.Debug|iPhone.Build.0 = Debug|Any CPU
		{95F2E08F-279E-4D19-B32B-1429980535C4}.Release|iPhone.ActiveCfg = Release|Any CPU
		{95F2E08F-279E-4D19-B32B-1429980535C4}.Release|iPhone.Build.0 = Release|Any CPU
		{7118385F-171C-4189-9E62-46CFE6697753}.Debug|Any CPU.ActiveCfg = Debug|iPhoneSimulator
		{7118385F-171C-4189-9E62-46CFE6697753}.Debug|Any CPU.Build.0 = Debug|iPhoneSimulator
		{7118385F-171C-4189-9E62-46CFE6697753}.Release|Any CPU.ActiveCfg = Release|iPhoneSimulator
		{7118385F-171C-4189-9E62-46CFE6697753}.Release|Any CPU.Build.0 = Release|iPhoneSimulator
		{7118385F-171C-4189-9E62-46CFE6697753}.Debug|iPhoneSimulator.ActiveCfg = Debug|iPhoneSimulator
		{7118385F-171C-4189-9E62-46CFE6697753}.Debug|iPhoneSimulator.Build.0 = Debug|iPhoneSimulator
		{7118385F-171C-4189-9E62-46CFE6697753}.Release|iPhoneSimulator.ActiveCfg = Release|iPhoneSimulator
		{7118385F-171C-4189-9E62-46CFE6697753}.Release|iPhoneSimulator.Build.0 = Release|iPhoneSimulator
		{7118385F-171C-4189-9E62-46CFE6697753}.Debug|iPhone.ActiveCfg = Debug|iPhone
		{7118385F-171C-4189-9E62-46CFE6697753}.Debug|iPhone.Build.0 = Debug|iPhone
		{7118385F-171C-4189-9E62-46CFE6697753}.Release|iPhone.ActiveCfg = Release|iPhone
		{7118385F-171C-4189-9E62-46CFE6697753}.Release|iPhone.Build.0 = Release|iPhone
		{9FBC798E-D7D5-4C7A-B761-7EE53D3809AA}.Debug|Any CPU.ActiveCfg = Debug|Any CPU
		{9FBC798E-D7D5-4C7A-B761-7EE53D3809AA}.Debug|Any CPU.Build.0 = Debug|Any CPU
		{9FBC798E-D7D5-4C7A-B761-7EE53D3809AA}.Release|Any CPU.ActiveCfg = Release|Any CPU
		{9FBC798E-D7D5-4C7A-B761-7EE53D3809AA}.Release|Any CPU.Build.0 = Release|Any CPU
		{9FBC798E-D7D5-4C7A-B761-7EE53D3809AA}.Debug|iPhoneSimulator.ActiveCfg = Debug|Any CPU
		{9FBC798E-D7D5-4C7A-B761-7EE53D3809AA}.Debug|iPhoneSimulator.Build.0 = Debug|Any CPU
		{9FBC798E-D7D5-4C7A-B761-7EE53D3809AA}.Release|iPhoneSimulator.ActiveCfg = Release|Any CPU
		{9FBC798E-D7D5-4C7A-B761-7EE53D3809AA}.Release|iPhoneSimulator.Build.0 = Release|Any CPU
		{9FBC798E-D7D5-4C7A-B761-7EE53D3809AA}.Debug|iPhone.ActiveCfg = Debug|Any CPU
		{9FBC798E-D7D5-4C7A-B761-7EE53D3809AA}.Debug|iPhone.Build.0 = Debug|Any CPU
		{9FBC798E-D7D5-4C7A-B761-7EE53D3809AA}.Release|iPhone.ActiveCfg = Release|Any CPU
		{9FBC798E-D7D5-4C7A-B761-7EE53D3809AA}.Release|iPhone.Build.0 = Release|Any CPU
		{6513D835-CD10-4B4E-9193-C0FCC352DC84}.Debug|Any CPU.ActiveCfg = Debug|Any CPU
		{6513D835-CD10-4B4E-9193-C0FCC352DC84}.Debug|Any CPU.Build.0 = Debug|Any CPU
		{6513D835-CD10-4B4E-9193-C0FCC352DC84}.Release|Any CPU.ActiveCfg = Release|Any CPU
		{6513D835-CD10-4B4E-9193-C0FCC352DC84}.Release|Any CPU.Build.0 = Release|Any CPU
		{6513D835-CD10-4B4E-9193-C0FCC352DC84}.Debug|iPhoneSimulator.ActiveCfg = Debug|Any CPU
		{6513D835-CD10-4B4E-9193-C0FCC352DC84}.Debug|iPhoneSimulator.Build.0 = Debug|Any CPU
		{6513D835-CD10-4B4E-9193-C0FCC352DC84}.Release|iPhoneSimulator.ActiveCfg = Release|Any CPU
		{6513D835-CD10-4B4E-9193-C0FCC352DC84}.Release|iPhoneSimulator.Build.0 = Release|Any CPU
		{6513D835-CD10-4B4E-9193-C0FCC352DC84}.Debug|iPhone.ActiveCfg = Debug|Any CPU
		{6513D835-CD10-4B4E-9193-C0FCC352DC84}.Debug|iPhone.Build.0 = Debug|Any CPU
		{6513D835-CD10-4B4E-9193-C0FCC352DC84}.Release|iPhone.ActiveCfg = Release|Any CPU
		{6513D835-CD10-4B4E-9193-C0FCC352DC84}.Release|iPhone.Build.0 = Release|Any CPU
	EndGlobalSection
EndGlobal
